// !$*UTF8*$!
{
	archiveVersion = 1;
	classes = {
	};
	objectVersion = 56;
	objects = {

/* Begin PBXBuildFile section */
		C137599C29C04BC40072DA77 /* AppDelegate.swift in Sources */ = {isa = PBXBuildFile; fileRef = C137599B29C04BC40072DA77 /* AppDelegate.swift */; };
		C137599E29C04BC40072DA77 /* SceneDelegate.swift in Sources */ = {isa = PBXBuildFile; fileRef = C137599D29C04BC40072DA77 /* SceneDelegate.swift */; };
		C13759A029C04BC40072DA77 /* ViewController.swift in Sources */ = {isa = PBXBuildFile; fileRef = C137599F29C04BC40072DA77 /* ViewController.swift */; };
		C13759A329C04BC40072DA77 /* Main.storyboard in Resources */ = {isa = PBXBuildFile; fileRef = C13759A129C04BC40072DA77 /* Main.storyboard */; };
		C13759A529C04BC50072DA77 /* Assets.xcassets in Resources */ = {isa = PBXBuildFile; fileRef = C13759A429C04BC50072DA77 /* Assets.xcassets */; };
		C13759A829C04BC50072DA77 /* LaunchScreen.storyboard in Resources */ = {isa = PBXBuildFile; fileRef = C13759A629C04BC50072DA77 /* LaunchScreen.storyboard */; };
		C13759B629C0529F0072DA77 /* ReactionGameViewController.swift in Sources */ = {isa = PBXBuildFile; fileRef = C13759B529C0529F0072DA77 /* ReactionGameViewController.swift */; };
		C15A6B3B29C99F800002B72E /* VerbalMemoryScoreViewController.swift in Sources */ = {isa = PBXBuildFile; fileRef = C15A6B3A29C99F800002B72E /* VerbalMemoryScoreViewController.swift */; };
		C15A6B3D29C9A5F20002B72E /* ReactionGameScoreViewController.swift in Sources */ = {isa = PBXBuildFile; fileRef = C15A6B3C29C9A5F20002B72E /* ReactionGameScoreViewController.swift */; };
		C15A6B3F29CAF04D0002B72E /* reactionTestStatistics.png in Resources */ = {isa = PBXBuildFile; fileRef = C15A6B3E29CAF04D0002B72E /* reactionTestStatistics.png */; };
		C15A6B4129CC27240002B72E /* verbalMemoryStatistic.png in Resources */ = {isa = PBXBuildFile; fileRef = C15A6B4029CC27240002B72E /* verbalMemoryStatistic.png */; };
		C15A6B4329CD88EC0002B72E /* VisualMemoryExplain.png in Resources */ = {isa = PBXBuildFile; fileRef = C15A6B4229CD88EC0002B72E /* VisualMemoryExplain.png */; };
		C15A6B4629CD89130002B72E /* VisualMemoryExplainViewController.swift in Sources */ = {isa = PBXBuildFile; fileRef = C15A6B4529CD89130002B72E /* VisualMemoryExplainViewController.swift */; };
		C15A6B4829CD8C6D0002B72E /* VisualMemoryViewController.swift in Sources */ = {isa = PBXBuildFile; fileRef = C15A6B4729CD8C6D0002B72E /* VisualMemoryViewController.swift */; };
		C1AC6C0829C453E7008A4D58 /* GameSelectViewController.swift in Sources */ = {isa = PBXBuildFile; fileRef = C1AC6C0729C453E7008A4D58 /* GameSelectViewController.swift */; };
		C1AC6C0A29C83BA6008A4D58 /* VerbalMemoryExplainViewController.swift in Sources */ = {isa = PBXBuildFile; fileRef = C1AC6C0929C83BA6008A4D58 /* VerbalMemoryExplainViewController.swift */; };
		C1AC6C0D29C83DE8008A4D58 /* VerbalMemoryExplain.png in Resources */ = {isa = PBXBuildFile; fileRef = C1AC6C0C29C83DE8008A4D58 /* VerbalMemoryExplain.png */; };
		C1AC6C0F29C8428B008A4D58 /* VerbalMemoryViewController.swift in Sources */ = {isa = PBXBuildFile; fileRef = C1AC6C0E29C8428B008A4D58 /* VerbalMemoryViewController.swift */; };
		C1AC6C1329C84A09008A4D58 /* words.txt in Resources */ = {isa = PBXBuildFile; fileRef = C1AC6C1229C84A09008A4D58 /* words.txt */; };
/* End PBXBuildFile section */

/* Begin PBXFileReference section */
		C137599829C04BC40072DA77 /* ABC.app */ = {isa = PBXFileReference; explicitFileType = wrapper.application; includeInIndex = 0; path = ABC.app; sourceTree = BUILT_PRODUCTS_DIR; };
		C137599B29C04BC40072DA77 /* AppDelegate.swift */ = {isa = PBXFileReference; lastKnownFileType = sourcecode.swift; path = AppDelegate.swift; sourceTree = "<group>"; };
		C137599D29C04BC40072DA77 /* SceneDelegate.swift */ = {isa = PBXFileReference; lastKnownFileType = sourcecode.swift; path = SceneDelegate.swift; sourceTree = "<group>"; };
		C137599F29C04BC40072DA77 /* ViewController.swift */ = {isa = PBXFileReference; lastKnownFileType = sourcecode.swift; path = ViewController.swift; sourceTree = "<group>"; };
		C13759A229C04BC40072DA77 /* Base */ = {isa = PBXFileReference; lastKnownFileType = file.storyboard; name = Base; path = Base.lproj/Main.storyboard; sourceTree = "<group>"; };
		C13759A429C04BC50072DA77 /* Assets.xcassets */ = {isa = PBXFileReference; lastKnownFileType = folder.assetcatalog; path = Assets.xcassets; sourceTree = "<group>"; };
		C13759A729C04BC50072DA77 /* Base */ = {isa = PBXFileReference; lastKnownFileType = file.storyboard; name = Base; path = Base.lproj/LaunchScreen.storyboard; sourceTree = "<group>"; };
		C13759A929C04BC50072DA77 /* Info.plist */ = {isa = PBXFileReference; lastKnownFileType = text.plist.xml; path = Info.plist; sourceTree = "<group>"; };
		C13759B529C0529F0072DA77 /* ReactionGameViewController.swift */ = {isa = PBXFileReference; lastKnownFileType = sourcecode.swift; path = ReactionGameViewController.swift; sourceTree = "<group>"; };
		C15A6B3A29C99F800002B72E /* VerbalMemoryScoreViewController.swift */ = {isa = PBXFileReference; lastKnownFileType = sourcecode.swift; path = VerbalMemoryScoreViewController.swift; sourceTree = "<group>"; };
		C15A6B3C29C9A5F20002B72E /* ReactionGameScoreViewController.swift */ = {isa = PBXFileReference; lastKnownFileType = sourcecode.swift; path = ReactionGameScoreViewController.swift; sourceTree = "<group>"; };
		C15A6B3E29CAF04D0002B72E /* reactionTestStatistics.png */ = {isa = PBXFileReference; lastKnownFileType = image.png; path = reactionTestStatistics.png; sourceTree = "<group>"; };
		C15A6B4029CC27240002B72E /* verbalMemoryStatistic.png */ = {isa = PBXFileReference; lastKnownFileType = image.png; path = verbalMemoryStatistic.png; sourceTree = "<group>"; };
		C15A6B4229CD88EC0002B72E /* VisualMemoryExplain.png */ = {isa = PBXFileReference; lastKnownFileType = image.png; path = VisualMemoryExplain.png; sourceTree = "<group>"; };
		C15A6B4529CD89130002B72E /* VisualMemoryExplainViewController.swift */ = {isa = PBXFileReference; lastKnownFileType = sourcecode.swift; path = VisualMemoryExplainViewController.swift; sourceTree = "<group>"; };
		C15A6B4729CD8C6D0002B72E /* VisualMemoryViewController.swift */ = {isa = PBXFileReference; lastKnownFileType = sourcecode.swift; path = VisualMemoryViewController.swift; sourceTree = "<group>"; };
		C1AC6C0729C453E7008A4D58 /* GameSelectViewController.swift */ = {isa = PBXFileReference; lastKnownFileType = sourcecode.swift; path = GameSelectViewController.swift; sourceTree = "<group>"; };
		C1AC6C0929C83BA6008A4D58 /* VerbalMemoryExplainViewController.swift */ = {isa = PBXFileReference; lastKnownFileType = sourcecode.swift; path = VerbalMemoryExplainViewController.swift; sourceTree = "<group>"; };
		C1AC6C0C29C83DE8008A4D58 /* VerbalMemoryExplain.png */ = {isa = PBXFileReference; lastKnownFileType = image.png; path = VerbalMemoryExplain.png; sourceTree = "<group>"; };
		C1AC6C0E29C8428B008A4D58 /* VerbalMemoryViewController.swift */ = {isa = PBXFileReference; lastKnownFileType = sourcecode.swift; path = VerbalMemoryViewController.swift; sourceTree = "<group>"; };
		C1AC6C1229C84A09008A4D58 /* words.txt */ = {isa = PBXFileReference; lastKnownFileType = text; path = words.txt; sourceTree = "<group>"; };
/* End PBXFileReference section */

/* Begin PBXFrameworksBuildPhase section */
		C137599529C04BC40072DA77 /* Frameworks */ = {
			isa = PBXFrameworksBuildPhase;
			buildActionMask = 2147483647;
			files = (
			);
			runOnlyForDeploymentPostprocessing = 0;
		};
/* End PBXFrameworksBuildPhase section */

/* Begin PBXGroup section */
		C137598F29C04BC40072DA77 = {
			isa = PBXGroup;
			children = (
				C137599A29C04BC40072DA77 /* ABC */,
				C137599929C04BC40072DA77 /* Products */,
			);
			sourceTree = "<group>";
		};
		C137599929C04BC40072DA77 /* Products */ = {
			isa = PBXGroup;
			children = (
				C137599829C04BC40072DA77 /* ABC.app */,
			);
			name = Products;
			sourceTree = "<group>";
		};
		C137599A29C04BC40072DA77 /* ABC */ = {
			isa = PBXGroup;
			children = (
				C1AC6C0B29C83DC9008A4D58 /* Image */,
				C137599B29C04BC40072DA77 /* AppDelegate.swift */,
				C137599D29C04BC40072DA77 /* SceneDelegate.swift */,
				C137599F29C04BC40072DA77 /* ViewController.swift */,
				C1AC6C0729C453E7008A4D58 /* GameSelectViewController.swift */,
				C13759B529C0529F0072DA77 /* ReactionGameViewController.swift */,
				C15A6B3C29C9A5F20002B72E /* ReactionGameScoreViewController.swift */,
				C1AC6C0929C83BA6008A4D58 /* VerbalMemoryExplainViewController.swift */,
				C1AC6C0E29C8428B008A4D58 /* VerbalMemoryViewController.swift */,
				C15A6B3A29C99F800002B72E /* VerbalMemoryScoreViewController.swift */,
				C15A6B4529CD89130002B72E /* VisualMemoryExplainViewController.swift */,
				C15A6B4729CD8C6D0002B72E /* VisualMemoryViewController.swift */,
				C13759A129C04BC40072DA77 /* Main.storyboard */,
				C13759A429C04BC50072DA77 /* Assets.xcassets */,
				C13759A629C04BC50072DA77 /* LaunchScreen.storyboard */,
				C13759A929C04BC50072DA77 /* Info.plist */,
				C1AC6C1229C84A09008A4D58 /* words.txt */,
			);
			path = ABC;
			sourceTree = "<group>";
		};
		C1AC6C0B29C83DC9008A4D58 /* Image */ = {
			isa = PBXGroup;
			children = (
				C15A6B3E29CAF04D0002B72E /* reactionTestStatistics.png */,
				C1AC6C0C29C83DE8008A4D58 /* VerbalMemoryExplain.png */,
				C15A6B4029CC27240002B72E /* verbalMemoryStatistic.png */,
				C15A6B4229CD88EC0002B72E /* VisualMemoryExplain.png */,
			);
			path = Image;
			sourceTree = "<group>";
		};
/* End PBXGroup section */

/* Begin PBXNativeTarget section */
		C137599729C04BC40072DA77 /* ABC */ = {
			isa = PBXNativeTarget;
			buildConfigurationList = C13759AC29C04BC50072DA77 /* Build configuration list for PBXNativeTarget "ABC" */;
			buildPhases = (
				C137599429C04BC40072DA77 /* Sources */,
				C137599529C04BC40072DA77 /* Frameworks */,
				C137599629C04BC40072DA77 /* Resources */,
			);
			buildRules = (
			);
			dependencies = (
			);
			name = ABC;
			productName = ABC;
			productReference = C137599829C04BC40072DA77 /* ABC.app */;
			productType = "com.apple.product-type.application";
		};
/* End PBXNativeTarget section */

/* Begin PBXProject section */
		C137599029C04BC40072DA77 /* Project object */ = {
			isa = PBXProject;
			attributes = {
				BuildIndependentTargetsInParallel = 1;
				LastSwiftUpdateCheck = 1410;
				LastUpgradeCheck = 1410;
				TargetAttributes = {
					C137599729C04BC40072DA77 = {
						CreatedOnToolsVersion = 14.1;
					};
				};
			};
			buildConfigurationList = C137599329C04BC40072DA77 /* Build configuration list for PBXProject "ABC" */;
			compatibilityVersion = "Xcode 14.0";
			developmentRegion = en;
			hasScannedForEncodings = 0;
			knownRegions = (
				en,
				Base,
			);
			mainGroup = C137598F29C04BC40072DA77;
			productRefGroup = C137599929C04BC40072DA77 /* Products */;
			projectDirPath = "";
			projectRoot = "";
			targets = (
				C137599729C04BC40072DA77 /* ABC */,
			);
		};
/* End PBXProject section */

/* Begin PBXResourcesBuildPhase section */
		C137599629C04BC40072DA77 /* Resources */ = {
			isa = PBXResourcesBuildPhase;
			buildActionMask = 2147483647;
			files = (
				C15A6B4329CD88EC0002B72E /* VisualMemoryExplain.png in Resources */,
				C13759A829C04BC50072DA77 /* LaunchScreen.storyboard in Resources */,
				C1AC6C0D29C83DE8008A4D58 /* VerbalMemoryExplain.png in Resources */,
				C13759A529C04BC50072DA77 /* Assets.xcassets in Resources */,
				C15A6B4129CC27240002B72E /* verbalMemoryStatistic.png in Resources */,
				C15A6B3F29CAF04D0002B72E /* reactionTestStatistics.png in Resources */,
				C1AC6C1329C84A09008A4D58 /* words.txt in Resources */,
				C13759A329C04BC40072DA77 /* Main.storyboard in Resources */,
			);
			runOnlyForDeploymentPostprocessing = 0;
		};
/* End PBXResourcesBuildPhase section */

/* Begin PBXSourcesBuildPhase section */
		C137599429C04BC40072DA77 /* Sources */ = {
			isa = PBXSourcesBuildPhase;
			buildActionMask = 2147483647;
			files = (
				C15A6B3B29C99F800002B72E /* VerbalMemoryScoreViewController.swift in Sources */,
				C1AC6C0F29C8428B008A4D58 /* VerbalMemoryViewController.swift in Sources */,
				C1AC6C0A29C83BA6008A4D58 /* VerbalMemoryExplainViewController.swift in Sources */,
				C13759A029C04BC40072DA77 /* ViewController.swift in Sources */,
				C15A6B3D29C9A5F20002B72E /* ReactionGameScoreViewController.swift in Sources */,
				C13759B629C0529F0072DA77 /* ReactionGameViewController.swift in Sources */,
				C137599C29C04BC40072DA77 /* AppDelegate.swift in Sources */,
				C15A6B4629CD89130002B72E /* VisualMemoryExplainViewController.swift in Sources */,
				C1AC6C0829C453E7008A4D58 /* GameSelectViewController.swift in Sources */,
				C137599E29C04BC40072DA77 /* SceneDelegate.swift in Sources */,
				C15A6B4829CD8C6D0002B72E /* VisualMemoryViewController.swift in Sources */,
			);
			runOnlyForDeploymentPostprocessing = 0;
		};
/* End PBXSourcesBuildPhase section */

/* Begin PBXVariantGroup section */
		C13759A129C04BC40072DA77 /* Main.storyboard */ = {
			isa = PBXVariantGroup;
			children = (
				C13759A229C04BC40072DA77 /* Base */,
			);
			name = Main.storyboard;
			sourceTree = "<group>";
		};
		C13759A629C04BC50072DA77 /* LaunchScreen.storyboard */ = {
			isa = PBXVariantGroup;
			children = (
				C13759A729C04BC50072DA77 /* Base */,
			);
			name = LaunchScreen.storyboard;
			sourceTree = "<group>";
		};
/* End PBXVariantGroup section */

/* Begin XCBuildConfiguration section */
		C13759AA29C04BC50072DA77 /* Debug */ = {
			isa = XCBuildConfiguration;
			buildSettings = {
				ALWAYS_SEARCH_USER_PATHS = NO;
				CLANG_ANALYZER_NONNULL = YES;
				CLANG_ANALYZER_NUMBER_OBJECT_CONVERSION = YES_AGGRESSIVE;
				CLANG_CXX_LANGUAGE_STANDARD = "gnu++20";
				CLANG_ENABLE_MODULES = YES;
				CLANG_ENABLE_OBJC_ARC = YES;
				CLANG_ENABLE_OBJC_WEAK = YES;
				CLANG_WARN_BLOCK_CAPTURE_AUTORELEASING = YES;
				CLANG_WARN_BOOL_CONVERSION = YES;
				CLANG_WARN_COMMA = YES;
				CLANG_WARN_CONSTANT_CONVERSION = YES;
				CLANG_WARN_DEPRECATED_OBJC_IMPLEMENTATIONS = YES;
				CLANG_WARN_DIRECT_OBJC_ISA_USAGE = YES_ERROR;
				CLANG_WARN_DOCUMENTATION_COMMENTS = YES;
				CLANG_WARN_EMPTY_BODY = YES;
				CLANG_WARN_ENUM_CONVERSION = YES;
				CLANG_WARN_INFINITE_RECURSION = YES;
				CLANG_WARN_INT_CONVERSION = YES;
				CLANG_WARN_NON_LITERAL_NULL_CONVERSION = YES;
				CLANG_WARN_OBJC_IMPLICIT_RETAIN_SELF = YES;
				CLANG_WARN_OBJC_LITERAL_CONVERSION = YES;
				CLANG_WARN_OBJC_ROOT_CLASS = YES_ERROR;
				CLANG_WARN_QUOTED_INCLUDE_IN_FRAMEWORK_HEADER = YES;
				CLANG_WARN_RANGE_LOOP_ANALYSIS = YES;
				CLANG_WARN_STRICT_PROTOTYPES = YES;
				CLANG_WARN_SUSPICIOUS_MOVE = YES;
				CLANG_WARN_UNGUARDED_AVAILABILITY = YES_AGGRESSIVE;
				CLANG_WARN_UNREACHABLE_CODE = YES;
				CLANG_WARN__DUPLICATE_METHOD_MATCH = YES;
				COPY_PHASE_STRIP = NO;
				DEBUG_INFORMATION_FORMAT = dwarf;
				ENABLE_STRICT_OBJC_MSGSEND = YES;
				ENABLE_TESTABILITY = YES;
				GCC_C_LANGUAGE_STANDARD = gnu11;
				GCC_DYNAMIC_NO_PIC = NO;
				GCC_NO_COMMON_BLOCKS = YES;
				GCC_OPTIMIZATION_LEVEL = 0;
				GCC_PREPROCESSOR_DEFINITIONS = (
					"DEBUG=1",
					"$(inherited)",
				);
				GCC_WARN_64_TO_32_BIT_CONVERSION = YES;
				GCC_WARN_ABOUT_RETURN_TYPE = YES_ERROR;
				GCC_WARN_UNDECLARED_SELECTOR = YES;
				GCC_WARN_UNINITIALIZED_AUTOS = YES_AGGRESSIVE;
				GCC_WARN_UNUSED_FUNCTION = YES;
				GCC_WARN_UNUSED_VARIABLE = YES;
				IPHONEOS_DEPLOYMENT_TARGET = 16.1;
				MTL_ENABLE_DEBUG_INFO = INCLUDE_SOURCE;
				MTL_FAST_MATH = YES;
				ONLY_ACTIVE_ARCH = YES;
				SDKROOT = iphoneos;
				SWIFT_ACTIVE_COMPILATION_CONDITIONS = DEBUG;
				SWIFT_OPTIMIZATION_LEVEL = "-Onone";
			};
			name = Debug;
		};
		C13759AB29C04BC50072DA77 /* Release */ = {
			isa = XCBuildConfiguration;
			buildSettings = {
				ALWAYS_SEARCH_USER_PATHS = NO;
				CLANG_ANALYZER_NONNULL = YES;
				CLANG_ANALYZER_NUMBER_OBJECT_CONVERSION = YES_AGGRESSIVE;
				CLANG_CXX_LANGUAGE_STANDARD = "gnu++20";
				CLANG_ENABLE_MODULES = YES;
				CLANG_ENABLE_OBJC_ARC = YES;
				CLANG_ENABLE_OBJC_WEAK = YES;
				CLANG_WARN_BLOCK_CAPTURE_AUTORELEASING = YES;
				CLANG_WARN_BOOL_CONVERSION = YES;
				CLANG_WARN_COMMA = YES;
				CLANG_WARN_CONSTANT_CONVERSION = YES;
				CLANG_WARN_DEPRECATED_OBJC_IMPLEMENTATIONS = YES;
				CLANG_WARN_DIRECT_OBJC_ISA_USAGE = YES_ERROR;
				CLANG_WARN_DOCUMENTATION_COMMENTS = YES;
				CLANG_WARN_EMPTY_BODY = YES;
				CLANG_WARN_ENUM_CONVERSION = YES;
				CLANG_WARN_INFINITE_RECURSION = YES;
				CLANG_WARN_INT_CONVERSION = YES;
				CLANG_WARN_NON_LITERAL_NULL_CONVERSION = YES;
				CLANG_WARN_OBJC_IMPLICIT_RETAIN_SELF = YES;
				CLANG_WARN_OBJC_LITERAL_CONVERSION = YES;
				CLANG_WARN_OBJC_ROOT_CLASS = YES_ERROR;
				CLANG_WARN_QUOTED_INCLUDE_IN_FRAMEWORK_HEADER = YES;
				CLANG_WARN_RANGE_LOOP_ANALYSIS = YES;
				CLANG_WARN_STRICT_PROTOTYPES = YES;
				CLANG_WARN_SUSPICIOUS_MOVE = YES;
				CLANG_WARN_UNGUARDED_AVAILABILITY = YES_AGGRESSIVE;
				CLANG_WARN_UNREACHABLE_CODE = YES;
				CLANG_WARN__DUPLICATE_METHOD_MATCH = YES;
				COPY_PHASE_STRIP = NO;
				DEBUG_INFORMATION_FORMAT = "dwarf-with-dsym";
				ENABLE_NS_ASSERTIONS = NO;
				ENABLE_STRICT_OBJC_MSGSEND = YES;
				GCC_C_LANGUAGE_STANDARD = gnu11;
				GCC_NO_COMMON_BLOCKS = YES;
				GCC_WARN_64_TO_32_BIT_CONVERSION = YES;
				GCC_WARN_ABOUT_RETURN_TYPE = YES_ERROR;
				GCC_WARN_UNDECLARED_SELECTOR = YES;
				GCC_WARN_UNINITIALIZED_AUTOS = YES_AGGRESSIVE;
				GCC_WARN_UNUSED_FUNCTION = YES;
				GCC_WARN_UNUSED_VARIABLE = YES;
				IPHONEOS_DEPLOYMENT_TARGET = 16.1;
				MTL_ENABLE_DEBUG_INFO = NO;
				MTL_FAST_MATH = YES;
				SDKROOT = iphoneos;
				SWIFT_COMPILATION_MODE = wholemodule;
				SWIFT_OPTIMIZATION_LEVEL = "-O";
				VALIDATE_PRODUCT = YES;
			};
			name = Release;
		};
		C13759AD29C04BC50072DA77 /* Debug */ = {
			isa = XCBuildConfiguration;
			buildSettings = {
				ASSETCATALOG_COMPILER_APPICON_NAME = AppIcon;
				ASSETCATALOG_COMPILER_GLOBAL_ACCENT_COLOR_NAME = AccentColor;
				CODE_SIGN_STYLE = Automatic;
				CURRENT_PROJECT_VERSION = 1;
				DEVELOPMENT_TEAM = V92877W8S6;
				GENERATE_INFOPLIST_FILE = YES;
				INFOPLIST_FILE = ABC/Info.plist;
				INFOPLIST_KEY_UIApplicationSupportsIndirectInputEvents = YES;
				INFOPLIST_KEY_UILaunchStoryboardName = LaunchScreen;
				INFOPLIST_KEY_UIMainStoryboardFile = Main;
				INFOPLIST_KEY_UISupportedInterfaceOrientations_iPad = "UIInterfaceOrientationPortrait UIInterfaceOrientationPortraitUpsideDown UIInterfaceOrientationLandscapeLeft UIInterfaceOrientationLandscapeRight";
				INFOPLIST_KEY_UISupportedInterfaceOrientations_iPhone = "UIInterfaceOrientationPortrait UIInterfaceOrientationLandscapeLeft UIInterfaceOrientationLandscapeRight";
				LD_RUNPATH_SEARCH_PATHS = (
					"$(inherited)",
					"@executable_path/Frameworks",
				);
				MARKETING_VERSION = 1.0;
				PRODUCT_BUNDLE_IDENTIFIER = LJU.ABC;
				PRODUCT_NAME = "$(TARGET_NAME)";
				SWIFT_EMIT_LOC_STRINGS = YES;
				SWIFT_VERSION = 5.0;
				TARGETED_DEVICE_FAMILY = "1,2";
			};
			name = Debug;
		};
		C13759AE29C04BC50072DA77 /* Release */ = {
			isa = XCBuildConfiguration;
			buildSettings = {
				ASSETCATALOG_COMPILER_APPICON_NAME = AppIcon;
				ASSETCATALOG_COMPILER_GLOBAL_ACCENT_COLOR_NAME = AccentColor;
				CODE_SIGN_STYLE = Automatic;
				CURRENT_PROJECT_VERSION = 1;
				DEVELOPMENT_TEAM = V92877W8S6;
				GENERATE_INFOPLIST_FILE = YES;
				INFOPLIST_FILE = ABC/Info.plist;
				INFOPLIST_KEY_UIApplicationSupportsIndirectInputEvents = YES;
				INFOPLIST_KEY_UILaunchStoryboardName = LaunchScreen;
				INFOPLIST_KEY_UIMainStoryboardFile = Main;
				INFOPLIST_KEY_UISupportedInterfaceOrientations_iPad = "UIInterfaceOrientationPortrait UIInterfaceOrientationPortraitUpsideDown UIInterfaceOrientationLandscapeLeft UIInterfaceOrientationLandscapeRight";
				INFOPLIST_KEY_UISupportedInterfaceOrientations_iPhone = "UIInterfaceOrientationPortrait UIInterfaceOrientationLandscapeLeft UIInterfaceOrientationLandscapeRight";
				LD_RUNPATH_SEARCH_PATHS = (
					"$(inherited)",
					"@executable_path/Frameworks",
				);
				MARKETING_VERSION = 1.0;
				PRODUCT_BUNDLE_IDENTIFIER = LJU.ABC;
				PRODUCT_NAME = "$(TARGET_NAME)";
				SWIFT_EMIT_LOC_STRINGS = YES;
				SWIFT_VERSION = 5.0;
				TARGETED_DEVICE_FAMILY = "1,2";
			};
			name = Release;
		};
/* End XCBuildConfiguration section */

/* Begin XCConfigurationList section */
		C137599329C04BC40072DA77 /* Build configuration list for PBXProject "ABC" */ = {
			isa = XCConfigurationList;
			buildConfigurations = (
				C13759AA29C04BC50072DA77 /* Debug */,
				C13759AB29C04BC50072DA77 /* Release */,
			);
			defaultConfigurationIsVisible = 0;
			defaultConfigurationName = Release;
		};
		C13759AC29C04BC50072DA77 /* Build configuration list for PBXNativeTarget "ABC" */ = {
			isa = XCConfigurationList;
			buildConfigurations = (
				C13759AD29C04BC50072DA77 /* Debug */,
				C13759AE29C04BC50072DA77 /* Release */,
			);
			defaultConfigurationIsVisible = 0;
			defaultConfigurationName = Release;
		};
/* End XCConfigurationList section */
	};
	rootObject = C137599029C04BC40072DA77 /* Project object */;
}
